// !$*UTF8*$!
{
	archiveVersion = 1;
	classes = {
	};
	objectVersion = 77;
	objects = {

/* Begin PBXBuildFile section */
		A7143EB12D0915480061B5D5 /* ContentView.swift in Sources */ = {isa = PBXBuildFile; fileRef = A7143EB02D0915480061B5D5 /* ContentView.swift */; };
		A7143EC52D0915FC0061B5D5 /* HomeView.swift in Sources */ = {isa = PBXBuildFile; fileRef = A7143EC42D0915FC0061B5D5 /* HomeView.swift */; };
		A7143EC72D09160F0061B5D5 /* CardView.swift in Sources */ = {isa = PBXBuildFile; fileRef = A7143EC62D09160F0061B5D5 /* CardView.swift */; };
		A7143EC92D09161E0061B5D5 /* MapView.swift in Sources */ = {isa = PBXBuildFile; fileRef = A7143EC82D09161E0061B5D5 /* MapView.swift */; };
		A7143ED82D0926CB0061B5D5 /* LocationManager.swift in Sources */ = {isa = PBXBuildFile; fileRef = A7143ED72D0926CB0061B5D5 /* LocationManager.swift */; };
		A7143EE42D0A8AE20061B5D5 /* CameraView.swift in Sources */ = {isa = PBXBuildFile; fileRef = A7143EE32D0A8AE20061B5D5 /* CameraView.swift */; };
		A75681132D4A7F3000D4E141 /* MyCardCheckView.swift in Sources */ = {isa = PBXBuildFile; fileRef = A75681122D4A7F3000D4E141 /* MyCardCheckView.swift */; };
		A75681152D4A7F5700D4E141 /* MyCardEditView.swift in Sources */ = {isa = PBXBuildFile; fileRef = A75681142D4A7F5700D4E141 /* MyCardEditView.swift */; };
		A75681172D4B004300D4E141 /* MultipeerManager.swift in Sources */ = {isa = PBXBuildFile; fileRef = A75681162D4B004300D4E141 /* MultipeerManager.swift */; };
		A757BEDF2D13A8BD007CBF26 /* ImagePickerView.swift in Sources */ = {isa = PBXBuildFile; fileRef = A757BEDE2D13A8BD007CBF26 /* ImagePickerView.swift */; };
		A757BEE12D13AF70007CBF26 /* CameraToolView.swift in Sources */ = {isa = PBXBuildFile; fileRef = A757BEE02D13AF70007CBF26 /* CameraToolView.swift */; };
		A757BEE32D13B1DF007CBF26 /* PhotoPreviewView.swift in Sources */ = {isa = PBXBuildFile; fileRef = A757BEE22D13B1DF007CBF26 /* PhotoPreviewView.swift */; };
		A79908F62D1B8FDD0026F220 /* CameraPhotoView.swift in Sources */ = {isa = PBXBuildFile; fileRef = A79908F52D1B8FDD0026F220 /* CameraPhotoView.swift */; };
		A79908F82D26B4F60026F220 /* MyCardView.swift in Sources */ = {isa = PBXBuildFile; fileRef = A79908F72D26B4F60026F220 /* MyCardView.swift */; };
		A7FE66482D0FCC56009D0578 /* SoundView.swift in Sources */ = {isa = PBXBuildFile; fileRef = A7FE66472D0FCC56009D0578 /* SoundView.swift */; };
/* End PBXBuildFile section */

/* Begin PBXFileReference section */
		A7143EAB2D0915480061B5D5 /* PawPose.app */ = {isa = PBXFileReference; explicitFileType = wrapper.application; includeInIndex = 0; path = PawPose.app; sourceTree = BUILT_PRODUCTS_DIR; };
		A7143EB02D0915480061B5D5 /* ContentView.swift */ = {isa = PBXFileReference; lastKnownFileType = sourcecode.swift; path = ContentView.swift; sourceTree = "<group>"; };
		A7143EC42D0915FC0061B5D5 /* HomeView.swift */ = {isa = PBXFileReference; lastKnownFileType = sourcecode.swift; path = HomeView.swift; sourceTree = "<group>"; };
		A7143EC62D09160F0061B5D5 /* CardView.swift */ = {isa = PBXFileReference; lastKnownFileType = sourcecode.swift; path = CardView.swift; sourceTree = "<group>"; };
		A7143EC82D09161E0061B5D5 /* MapView.swift */ = {isa = PBXFileReference; lastKnownFileType = sourcecode.swift; path = MapView.swift; sourceTree = "<group>"; };
		A7143ED72D0926CB0061B5D5 /* LocationManager.swift */ = {isa = PBXFileReference; lastKnownFileType = sourcecode.swift; path = LocationManager.swift; sourceTree = "<group>"; };
		A7143EE32D0A8AE20061B5D5 /* CameraView.swift */ = {isa = PBXFileReference; lastKnownFileType = sourcecode.swift; path = CameraView.swift; sourceTree = "<group>"; };
		A75681122D4A7F3000D4E141 /* MyCardCheckView.swift */ = {isa = PBXFileReference; lastKnownFileType = sourcecode.swift; path = MyCardCheckView.swift; sourceTree = "<group>"; };
		A75681142D4A7F5700D4E141 /* MyCardEditView.swift */ = {isa = PBXFileReference; lastKnownFileType = sourcecode.swift; path = MyCardEditView.swift; sourceTree = "<group>"; };
		A75681162D4B004300D4E141 /* MultipeerManager.swift */ = {isa = PBXFileReference; lastKnownFileType = sourcecode.swift; path = MultipeerManager.swift; sourceTree = "<group>"; };
		A757BEDE2D13A8BD007CBF26 /* ImagePickerView.swift */ = {isa = PBXFileReference; lastKnownFileType = sourcecode.swift; path = ImagePickerView.swift; sourceTree = "<group>"; };
		A757BEE02D13AF70007CBF26 /* CameraToolView.swift */ = {isa = PBXFileReference; lastKnownFileType = sourcecode.swift; path = CameraToolView.swift; sourceTree = "<group>"; };
		A757BEE22D13B1DF007CBF26 /* PhotoPreviewView.swift */ = {isa = PBXFileReference; lastKnownFileType = sourcecode.swift; path = PhotoPreviewView.swift; sourceTree = "<group>"; };
		A79908F52D1B8FDD0026F220 /* CameraPhotoView.swift */ = {isa = PBXFileReference; lastKnownFileType = sourcecode.swift; path = CameraPhotoView.swift; sourceTree = "<group>"; };
		A79908F72D26B4F60026F220 /* MyCardView.swift */ = {isa = PBXFileReference; lastKnownFileType = sourcecode.swift; path = MyCardView.swift; sourceTree = "<group>"; };
		A7FE66472D0FCC56009D0578 /* SoundView.swift */ = {isa = PBXFileReference; lastKnownFileType = sourcecode.swift; path = SoundView.swift; sourceTree = "<group>"; };
/* End PBXFileReference section */

/* Begin PBXFileSystemSynchronizedBuildFileExceptionSet section */
		A7143EDA2D092C0B0061B5D5 /* Exceptions for "PawPose" folder in "PawPose" target */ = {
			isa = PBXFileSystemSynchronizedBuildFileExceptionSet;
			membershipExceptions = (
				Info.plist,
			);
			target = A7143EAA2D0915480061B5D5 /* PawPose */;
		};
/* End PBXFileSystemSynchronizedBuildFileExceptionSet section */

/* Begin PBXFileSystemSynchronizedRootGroup section */
		A7143EAD2D0915480061B5D5 /* PawPose */ = {
			isa = PBXFileSystemSynchronizedRootGroup;
			exceptions = (
				A7143EDA2D092C0B0061B5D5 /* Exceptions for "PawPose" folder in "PawPose" target */,
			);
			path = PawPose;
			sourceTree = "<group>";
		};
		A757BED72D1251AE007CBF26 /* Sound */ = {
			isa = PBXFileSystemSynchronizedRootGroup;
			path = Sound;
			sourceTree = "<group>";
		};
/* End PBXFileSystemSynchronizedRootGroup section */

/* Begin PBXFrameworksBuildPhase section */
		A7143EA82D0915480061B5D5 /* Frameworks */ = {
			isa = PBXFrameworksBuildPhase;
			buildActionMask = 2147483647;
			files = (
			);
			runOnlyForDeploymentPostprocessing = 0;
		};
/* End PBXFrameworksBuildPhase section */

/* Begin PBXGroup section */
		A7143EA22D0915480061B5D5 = {
			isa = PBXGroup;
			children = (
				A7143EBF2D09159E0061B5D5 /* View */,
				A7143EAC2D0915480061B5D5 /* Products */,
				A7143EAD2D0915480061B5D5 /* PawPose */,
			);
			sourceTree = "<group>";
		};
		A7143EAC2D0915480061B5D5 /* Products */ = {
			isa = PBXGroup;
			children = (
				A7143EAB2D0915480061B5D5 /* PawPose.app */,
			);
			name = Products;
			sourceTree = "<group>";
		};
		A7143EBF2D09159E0061B5D5 /* View */ = {
			isa = PBXGroup;
			children = (
				A7143EB02D0915480061B5D5 /* ContentView.swift */,
				A7143EC42D0915FC0061B5D5 /* HomeView.swift */,
				A7143EC82D09161E0061B5D5 /* MapView.swift */,
				A7143ED72D0926CB0061B5D5 /* LocationManager.swift */,
				A7143EE32D0A8AE20061B5D5 /* CameraView.swift */,
				A79908F52D1B8FDD0026F220 /* CameraPhotoView.swift */,
				A757BEE02D13AF70007CBF26 /* CameraToolView.swift */,
				A757BEE22D13B1DF007CBF26 /* PhotoPreviewView.swift */,
				A757BEDE2D13A8BD007CBF26 /* ImagePickerView.swift */,
				A7FE66472D0FCC56009D0578 /* SoundView.swift */,
				A7143EC62D09160F0061B5D5 /* CardView.swift */,
				A75681142D4A7F5700D4E141 /* MyCardEditView.swift */,
				A75681122D4A7F3000D4E141 /* MyCardCheckView.swift */,
				A79908F72D26B4F60026F220 /* MyCardView.swift */,
				A75681162D4B004300D4E141 /* MultipeerManager.swift */,
				A757BED72D1251AE007CBF26 /* Sound */,
			);
			path = View;
			sourceTree = "<group>";
		};
/* End PBXGroup section */

/* Begin PBXNativeTarget section */
		A7143EAA2D0915480061B5D5 /* PawPose */ = {
			isa = PBXNativeTarget;
			buildConfigurationList = A7143EBB2D09154A0061B5D5 /* Build configuration list for PBXNativeTarget "PawPose" */;
			buildPhases = (
				A7143EA72D0915480061B5D5 /* Sources */,
				A7143EA82D0915480061B5D5 /* Frameworks */,
				A7143EA92D0915480061B5D5 /* Resources */,
			);
			buildRules = (
			);
			dependencies = (
			);
			fileSystemSynchronizedGroups = (
				A7143EAD2D0915480061B5D5 /* PawPose */,
				A757BED72D1251AE007CBF26 /* Sound */,
			);
			name = PawPose;
			packageProductDependencies = (
			);
			productName = PawPose;
			productReference = A7143EAB2D0915480061B5D5 /* PawPose.app */;
			productType = "com.apple.product-type.application";
		};
/* End PBXNativeTarget section */

/* Begin PBXProject section */
		A7143EA32D0915480061B5D5 /* Project object */ = {
			isa = PBXProject;
			attributes = {
				BuildIndependentTargetsInParallel = 1;
				LastSwiftUpdateCheck = 1610;
				LastUpgradeCheck = 1610;
				TargetAttributes = {
					A7143EAA2D0915480061B5D5 = {
						CreatedOnToolsVersion = 16.1;
					};
				};
			};
			buildConfigurationList = A7143EA62D0915480061B5D5 /* Build configuration list for PBXProject "PawPose" */;
			developmentRegion = en;
			hasScannedForEncodings = 0;
			knownRegions = (
				en,
				Base,
			);
			mainGroup = A7143EA22D0915480061B5D5;
			minimizedProjectReferenceProxies = 1;
			preferredProjectObjectVersion = 77;
			productRefGroup = A7143EAC2D0915480061B5D5 /* Products */;
			projectDirPath = "";
			projectRoot = "";
			targets = (
				A7143EAA2D0915480061B5D5 /* PawPose */,
			);
		};
/* End PBXProject section */

/* Begin PBXResourcesBuildPhase section */
		A7143EA92D0915480061B5D5 /* Resources */ = {
			isa = PBXResourcesBuildPhase;
			buildActionMask = 2147483647;
			files = (
			);
			runOnlyForDeploymentPostprocessing = 0;
		};
/* End PBXResourcesBuildPhase section */

/* Begin PBXSourcesBuildPhase section */
		A7143EA72D0915480061B5D5 /* Sources */ = {
			isa = PBXSourcesBuildPhase;
			buildActionMask = 2147483647;
			files = (
				A7143EC92D09161E0061B5D5 /* MapView.swift in Sources */,
				A757BEE12D13AF70007CBF26 /* CameraToolView.swift in Sources */,
				A7143EE42D0A8AE20061B5D5 /* CameraView.swift in Sources */,
				A79908F62D1B8FDD0026F220 /* CameraPhotoView.swift in Sources */,
				A75681132D4A7F3000D4E141 /* MyCardCheckView.swift in Sources */,
				A757BEE32D13B1DF007CBF26 /* PhotoPreviewView.swift in Sources */,
				A75681172D4B004300D4E141 /* MultipeerManager.swift in Sources */,
				A7143EB12D0915480061B5D5 /* ContentView.swift in Sources */,
				A79908F82D26B4F60026F220 /* MyCardView.swift in Sources */,
				A757BEDF2D13A8BD007CBF26 /* ImagePickerView.swift in Sources */,
				A7143EC52D0915FC0061B5D5 /* HomeView.swift in Sources */,
				A75681152D4A7F5700D4E141 /* MyCardEditView.swift in Sources */,
				A7FE66482D0FCC56009D0578 /* SoundView.swift in Sources */,
				A7143EC72D09160F0061B5D5 /* CardView.swift in Sources */,
				A7143ED82D0926CB0061B5D5 /* LocationManager.swift in Sources */,
			);
			runOnlyForDeploymentPostprocessing = 0;
		};
/* End PBXSourcesBuildPhase section */

/* Begin XCBuildConfiguration section */
		A7143EB92D09154A0061B5D5 /* Debug */ = {
			isa = XCBuildConfiguration;
			buildSettings = {
				ALWAYS_SEARCH_USER_PATHS = NO;
				ASSETCATALOG_COMPILER_GENERATE_SWIFT_ASSET_SYMBOL_EXTENSIONS = YES;
				CLANG_ANALYZER_NONNULL = YES;
				CLANG_ANALYZER_NUMBER_OBJECT_CONVERSION = YES_AGGRESSIVE;
				CLANG_CXX_LANGUAGE_STANDARD = "gnu++20";
				CLANG_ENABLE_MODULES = YES;
				CLANG_ENABLE_OBJC_ARC = YES;
				CLANG_ENABLE_OBJC_WEAK = YES;
				CLANG_WARN_BLOCK_CAPTURE_AUTORELEASING = YES;
				CLANG_WARN_BOOL_CONVERSION = YES;
				CLANG_WARN_COMMA = YES;
				CLANG_WARN_CONSTANT_CONVERSION = YES;
				CLANG_WARN_DEPRECATED_OBJC_IMPLEMENTATIONS = YES;
				CLANG_WARN_DIRECT_OBJC_ISA_USAGE = YES_ERROR;
				CLANG_WARN_DOCUMENTATION_COMMENTS = YES;
				CLANG_WARN_EMPTY_BODY = YES;
				CLANG_WARN_ENUM_CONVERSION = YES;
				CLANG_WARN_INFINITE_RECURSION = YES;
				CLANG_WARN_INT_CONVERSION = YES;
				CLANG_WARN_NON_LITERAL_NULL_CONVERSION = YES;
				CLANG_WARN_OBJC_IMPLICIT_RETAIN_SELF = YES;
				CLANG_WARN_OBJC_LITERAL_CONVERSION = YES;
				CLANG_WARN_OBJC_ROOT_CLASS = YES_ERROR;
				CLANG_WARN_QUOTED_INCLUDE_IN_FRAMEWORK_HEADER = YES;
				CLANG_WARN_RANGE_LOOP_ANALYSIS = YES;
				CLANG_WARN_STRICT_PROTOTYPES = YES;
				CLANG_WARN_SUSPICIOUS_MOVE = YES;
				CLANG_WARN_UNGUARDED_AVAILABILITY = YES_AGGRESSIVE;
				CLANG_WARN_UNREACHABLE_CODE = YES;
				CLANG_WARN__DUPLICATE_METHOD_MATCH = YES;
				COPY_PHASE_STRIP = NO;
				DEBUG_INFORMATION_FORMAT = dwarf;
				ENABLE_STRICT_OBJC_MSGSEND = YES;
				ENABLE_TESTABILITY = YES;
				ENABLE_USER_SCRIPT_SANDBOXING = YES;
				GCC_C_LANGUAGE_STANDARD = gnu17;
				GCC_DYNAMIC_NO_PIC = NO;
				GCC_NO_COMMON_BLOCKS = YES;
				GCC_OPTIMIZATION_LEVEL = 0;
				GCC_PREPROCESSOR_DEFINITIONS = (
					"DEBUG=1",
					"$(inherited)",
				);
				GCC_WARN_64_TO_32_BIT_CONVERSION = YES;
				GCC_WARN_ABOUT_RETURN_TYPE = YES_ERROR;
				GCC_WARN_UNDECLARED_SELECTOR = YES;
				GCC_WARN_UNINITIALIZED_AUTOS = YES_AGGRESSIVE;
				GCC_WARN_UNUSED_FUNCTION = YES;
				GCC_WARN_UNUSED_VARIABLE = YES;
				IPHONEOS_DEPLOYMENT_TARGET = 18.1;
				LOCALIZATION_PREFERS_STRING_CATALOGS = YES;
				MTL_ENABLE_DEBUG_INFO = INCLUDE_SOURCE;
				MTL_FAST_MATH = YES;
				ONLY_ACTIVE_ARCH = YES;
				SDKROOT = iphoneos;
				SWIFT_ACTIVE_COMPILATION_CONDITIONS = "DEBUG $(inherited)";
				SWIFT_OPTIMIZATION_LEVEL = "-Onone";
			};
			name = Debug;
		};
		A7143EBA2D09154A0061B5D5 /* Release */ = {
			isa = XCBuildConfiguration;
			buildSettings = {
				ALWAYS_SEARCH_USER_PATHS = NO;
				ASSETCATALOG_COMPILER_GENERATE_SWIFT_ASSET_SYMBOL_EXTENSIONS = YES;
				CLANG_ANALYZER_NONNULL = YES;
				CLANG_ANALYZER_NUMBER_OBJECT_CONVERSION = YES_AGGRESSIVE;
				CLANG_CXX_LANGUAGE_STANDARD = "gnu++20";
				CLANG_ENABLE_MODULES = YES;
				CLANG_ENABLE_OBJC_ARC = YES;
				CLANG_ENABLE_OBJC_WEAK = YES;
				CLANG_WARN_BLOCK_CAPTURE_AUTORELEASING = YES;
				CLANG_WARN_BOOL_CONVERSION = YES;
				CLANG_WARN_COMMA = YES;
				CLANG_WARN_CONSTANT_CONVERSION = YES;
				CLANG_WARN_DEPRECATED_OBJC_IMPLEMENTATIONS = YES;
				CLANG_WARN_DIRECT_OBJC_ISA_USAGE = YES_ERROR;
				CLANG_WARN_DOCUMENTATION_COMMENTS = YES;
				CLANG_WARN_EMPTY_BODY = YES;
				CLANG_WARN_ENUM_CONVERSION = YES;
				CLANG_WARN_INFINITE_RECURSION = YES;
				CLANG_WARN_INT_CONVERSION = YES;
				CLANG_WARN_NON_LITERAL_NULL_CONVERSION = YES;
				CLANG_WARN_OBJC_IMPLICIT_RETAIN_SELF = YES;
				CLANG_WARN_OBJC_LITERAL_CONVERSION = YES;
				CLANG_WARN_OBJC_ROOT_CLASS = YES_ERROR;
				CLANG_WARN_QUOTED_INCLUDE_IN_FRAMEWORK_HEADER = YES;
				CLANG_WARN_RANGE_LOOP_ANALYSIS = YES;
				CLANG_WARN_STRICT_PROTOTYPES = YES;
				CLANG_WARN_SUSPICIOUS_MOVE = YES;
				CLANG_WARN_UNGUARDED_AVAILABILITY = YES_AGGRESSIVE;
				CLANG_WARN_UNREACHABLE_CODE = YES;
				CLANG_WARN__DUPLICATE_METHOD_MATCH = YES;
				COPY_PHASE_STRIP = NO;
				DEBUG_INFORMATION_FORMAT = "dwarf-with-dsym";
				ENABLE_NS_ASSERTIONS = NO;
				ENABLE_STRICT_OBJC_MSGSEND = YES;
				ENABLE_USER_SCRIPT_SANDBOXING = YES;
				GCC_C_LANGUAGE_STANDARD = gnu17;
				GCC_NO_COMMON_BLOCKS = YES;
				GCC_WARN_64_TO_32_BIT_CONVERSION = YES;
				GCC_WARN_ABOUT_RETURN_TYPE = YES_ERROR;
				GCC_WARN_UNDECLARED_SELECTOR = YES;
				GCC_WARN_UNINITIALIZED_AUTOS = YES_AGGRESSIVE;
				GCC_WARN_UNUSED_FUNCTION = YES;
				GCC_WARN_UNUSED_VARIABLE = YES;
				IPHONEOS_DEPLOYMENT_TARGET = 18.1;
				LOCALIZATION_PREFERS_STRING_CATALOGS = YES;
				MTL_ENABLE_DEBUG_INFO = NO;
				MTL_FAST_MATH = YES;
				SDKROOT = iphoneos;
				SWIFT_COMPILATION_MODE = wholemodule;
				VALIDATE_PRODUCT = YES;
			};
			name = Release;
		};
		A7143EBC2D09154A0061B5D5 /* Debug */ = {
			isa = XCBuildConfiguration;
			buildSettings = {
				ASSETCATALOG_COMPILER_APPICON_NAME = AppIcon;
				ASSETCATALOG_COMPILER_GLOBAL_ACCENT_COLOR_NAME = AccentColor;
				CODE_SIGN_ENTITLEMENTS = PawPose/PawPose.entitlements;
				CODE_SIGN_STYLE = Automatic;
				CURRENT_PROJECT_VERSION = 1;
				DEVELOPMENT_ASSET_PATHS = "\"PawPose/Preview Content\"";
				DEVELOPMENT_TEAM = D9BL4WP6X7;
				ENABLE_PREVIEWS = YES;
				GENERATE_INFOPLIST_FILE = YES;
				INFOPLIST_FILE = PawPose/Info.plist;
				INFOPLIST_KEY_NSBluetoothAlwaysUsageDescription = Bluetooth;
				INFOPLIST_KEY_NSCameraUsageDescription = "需要訪問相機以進行拍照";
				INFOPLIST_KEY_NSLocalNetworkUsageDescription = "air drop";
				INFOPLIST_KEY_NSLocationAlwaysUsageDescription = "find my location";
				INFOPLIST_KEY_NSLocationWhenInUseUsageDescription = "";
				INFOPLIST_KEY_NSPhotoLibraryAddUsageDescription = "";
				INFOPLIST_KEY_UIApplicationSceneManifest_Generation = YES;
				INFOPLIST_KEY_UIApplicationSupportsIndirectInputEvents = YES;
				INFOPLIST_KEY_UILaunchScreen_Generation = YES;
				INFOPLIST_KEY_UISupportedInterfaceOrientations_iPad = "UIInterfaceOrientationPortrait UIInterfaceOrientationPortraitUpsideDown UIInterfaceOrientationLandscapeLeft UIInterfaceOrientationLandscapeRight";
				INFOPLIST_KEY_UISupportedInterfaceOrientations_iPhone = "UIInterfaceOrientationPortrait UIInterfaceOrientationLandscapeLeft UIInterfaceOrientationLandscapeRight";
				LD_RUNPATH_SEARCH_PATHS = (
					"$(inherited)",
					"@executable_path/Frameworks",
				);
				MARKETING_VERSION = 1.0;
				PRODUCT_BUNDLE_IDENTIFIER = "Oliver-Liao.PawPose20250127";
				PRODUCT_NAME = "$(TARGET_NAME)";
				SWIFT_EMIT_LOC_STRINGS = YES;
				SWIFT_VERSION = 5.0;
				TARGETED_DEVICE_FAMILY = "1,2";
			};
			name = Debug;
		};
		A7143EBD2D09154A0061B5D5 /* Release */ = {
			isa = XCBuildConfiguration;
			buildSettings = {
				ASSETCATALOG_COMPILER_APPICON_NAME = AppIcon;
				ASSETCATALOG_COMPILER_GLOBAL_ACCENT_COLOR_NAME = AccentColor;
				CODE_SIGN_ENTITLEMENTS = PawPose/PawPose.entitlements;
				CODE_SIGN_STYLE = Automatic;
				CURRENT_PROJECT_VERSION = 1;
				DEVELOPMENT_ASSET_PATHS = "\"PawPose/Preview Content\"";
				DEVELOPMENT_TEAM = D9BL4WP6X7;
				ENABLE_PREVIEWS = YES;
				GENERATE_INFOPLIST_FILE = YES;
				INFOPLIST_FILE = PawPose/Info.plist;
				INFOPLIST_KEY_NSBluetoothAlwaysUsageDescription = Bluetooth;
				INFOPLIST_KEY_NSCameraUsageDescription = "需要訪問相機以進行拍照";
				INFOPLIST_KEY_NSLocalNetworkUsageDescription = "air drop";
				INFOPLIST_KEY_NSLocationAlwaysUsageDescription = "find my location";
				INFOPLIST_KEY_NSLocationWhenInUseUsageDescription = "";
				INFOPLIST_KEY_NSPhotoLibraryAddUsageDescription = "";
				INFOPLIST_KEY_UIApplicationSceneManifest_Generation = YES;
				INFOPLIST_KEY_UIApplicationSupportsIndirectInputEvents = YES;
				INFOPLIST_KEY_UILaunchScreen_Generation = YES;
				INFOPLIST_KEY_UISupportedInterfaceOrientations_iPad = "UIInterfaceOrientationPortrait UIInterfaceOrientationPortraitUpsideDown UIInterfaceOrientationLandscapeLeft UIInterfaceOrientationLandscapeRight";
				INFOPLIST_KEY_UISupportedInterfaceOrientations_iPhone = "UIInterfaceOrientationPortrait UIInterfaceOrientationLandscapeLeft UIInterfaceOrientationLandscapeRight";
				LD_RUNPATH_SEARCH_PATHS = (
					"$(inherited)",
					"@executable_path/Frameworks",
				);
				MARKETING_VERSION = 1.0;
				PRODUCT_BUNDLE_IDENTIFIER = "Oliver-Liao.PawPose20250127";
				PRODUCT_NAME = "$(TARGET_NAME)";
				SWIFT_EMIT_LOC_STRINGS = YES;
				SWIFT_VERSION = 5.0;
				TARGETED_DEVICE_FAMILY = "1,2";
			};
			name = Release;
		};
/* End XCBuildConfiguration section */

/* Begin XCConfigurationList section */
		A7143EA62D0915480061B5D5 /* Build configuration list for PBXProject "PawPose" */ = {
			isa = XCConfigurationList;
			buildConfigurations = (
				A7143EB92D09154A0061B5D5 /* Debug */,
				A7143EBA2D09154A0061B5D5 /* Release */,
			);
			defaultConfigurationIsVisible = 0;
			defaultConfigurationName = Release;
		};
		A7143EBB2D09154A0061B5D5 /* Build configuration list for PBXNativeTarget "PawPose" */ = {
			isa = XCConfigurationList;
			buildConfigurations = (
				A7143EBC2D09154A0061B5D5 /* Debug */,
				A7143EBD2D09154A0061B5D5 /* Release */,
			);
			defaultConfigurationIsVisible = 0;
			defaultConfigurationName = Release;
		};
/* End XCConfigurationList section */
	};
	rootObject = A7143EA32D0915480061B5D5 /* Project object */;
}
